
Microsoft Visual Studio Solution File, Format Version 12.00
# Visual Studio Version 17
VisualStudioVersion = 17.7.34018.315
MinimumVisualStudioVersion = 10.0.40219.1
Project("{FAE04EC0-301F-11D3-BF4B-00C04F79EFBC}") = "uri1011", "uri1011\uri1011.csproj", "{043FAECC-059B-4944-AEDF-E74AE16B3917}"
EndProject
Global
	GlobalSection(SolutionConfigurationPlatforms) = preSolution
		Debug|Any CPU = Debug|Any CPU
		Release|Any CPU = Release|Any CPU
	EndGlobalSection
	GlobalSection(ProjectConfigurationPlatforms) = postSolution
		{043FAECC-059B-4944-AEDF-E74AE16B3917}.Debug|Any CPU.ActiveCfg = Debug|Any CPU
		{043FAECC-059B-4944-AEDF-E74AE16B3917}.Debug|Any CPU.Build.0 = Debug|Any CPU
		{043FAECC-059B-4944-AEDF-E74AE16B3917}.Release|Any CPU.ActiveCfg = Release|Any CPU
		{043FAECC-059B-4944-AEDF-E74AE16B3917}.Release|Any CPU.Build.0 = Release|Any CPU
	EndGlobalSection
	GlobalSection(SolutionProperties) = preSolution
		HideSolutionNode = FALSE
	EndGlobalSection
	GlobalSection(ExtensibilityGlobals) = postSolution
		SolutionGuid = {466B4977-43E3-482C-BEDB-D2D2A64C1BED}
	EndGlobalSection
EndGlobal
